// !$*UTF8*$!
{
	archiveVersion = 1;
	classes = {
	};
	objectVersion = 46;
	objects = {

/* Begin PBXBuildFile section */
		3FD94EFB1ED860EE005EF59C /* AppDelegate.swift in Sources */ = {isa = PBXBuildFile; fileRef = 3FD94EFA1ED860EE005EF59C /* AppDelegate.swift */; };
		3FD94EFD1ED860EE005EF59C /* ViewController.swift in Sources */ = {isa = PBXBuildFile; fileRef = 3FD94EFC1ED860EE005EF59C /* ViewController.swift */; };
		3FD94F001ED860EE005EF59C /* Main.storyboard in Resources */ = {isa = PBXBuildFile; fileRef = 3FD94EFE1ED860EE005EF59C /* Main.storyboard */; };
		3FD94F021ED860EE005EF59C /* Assets.xcassets in Resources */ = {isa = PBXBuildFile; fileRef = 3FD94F011ED860EE005EF59C /* Assets.xcassets */; };
		3FD94F051ED860EE005EF59C /* LaunchScreen.storyboard in Resources */ = {isa = PBXBuildFile; fileRef = 3FD94F031ED860EE005EF59C /* LaunchScreen.storyboard */; };
/* End PBXBuildFile section */

/* Begin PBXFileReference section */
		3FD94EF71ED860EE005EF59C /* RevisaoUFMA.app */ = {isa = PBXFileReference; explicitFileType = wrapper.application; includeInIndex = 0; path = RevisaoUFMA.app; sourceTree = BUILT_PRODUCTS_DIR; };
		3FD94EFA1ED860EE005EF59C /* AppDelegate.swift */ = {isa = PBXFileReference; lastKnownFileType = sourcecode.swift; path = AppDelegate.swift; sourceTree = "<group>"; };
		3FD94EFC1ED860EE005EF59C /* ViewController.swift */ = {isa = PBXFileReference; lastKnownFileType = sourcecode.swift; path = ViewController.swift; sourceTree = "<group>"; };
		3FD94EFF1ED860EE005EF59C /* Base */ = {isa = PBXFileReference; lastKnownFileType = file.storyboard; name = Base; path = Base.lproj/Main.storyboard; sourceTree = "<group>"; };
		3FD94F011ED860EE005EF59C /* Assets.xcassets */ = {isa = PBXFileReference; lastKnownFileType = folder.assetcatalog; path = Assets.xcassets; sourceTree = "<group>"; };
		3FD94F041ED860EE005EF59C /* Base */ = {isa = PBXFileReference; lastKnownFileType = file.storyboard; name = Base; path = Base.lproj/LaunchScreen.storyboard; sourceTree = "<group>"; };
		3FD94F061ED860EE005EF59C /* Info.plist */ = {isa = PBXFileReference; lastKnownFileType = text.plist.xml; path = Info.plist; sourceTree = "<group>"; };
/* End PBXFileReference section */

/* Begin PBXFrameworksBuildPhase section */
		3FD94EF41ED860EE005EF59C /* Frameworks */ = {
			isa = PBXFrameworksBuildPhase;
			buildActionMask = 2147483647;
			files = (
			);
			runOnlyForDeploymentPostprocessing = 0;
		};
/* End PBXFrameworksBuildPhase section */

/* Begin PBXGroup section */
		3FD94EEE1ED860EE005EF59C = {
			isa = PBXGroup;
			children = (
				3FD94EF91ED860EE005EF59C /* RevisaoUFMA */,
				3FD94EF81ED860EE005EF59C /* Products */,
			);
			sourceTree = "<group>";
		};
		3FD94EF81ED860EE005EF59C /* Products */ = {
			isa = PBXGroup;
			children = (
				3FD94EF71ED860EE005EF59C /* RevisaoUFMA.app */,
			);
			name = Products;
			sourceTree = "<group>";
		};
		3FD94EF91ED860EE005EF59C /* RevisaoUFMA */ = {
			isa = PBXGroup;
			children = (
				3FD94EFA1ED860EE005EF59C /* AppDelegate.swift */,
				3FD94EFC1ED860EE005EF59C /* ViewController.swift */,
				3FD94EFE1ED860EE005EF59C /* Main.storyboard */,
				3FD94F011ED860EE005EF59C /* Assets.xcassets */,
				3FD94F031ED860EE005EF59C /* LaunchScreen.storyboard */,
				3FD94F061ED860EE005EF59C /* Info.plist */,
			);
			path = RevisaoUFMA;
			sourceTree = "<group>";
		};
/* End PBXGroup section */

/* Begin PBXNativeTarget section */
		3FD94EF61ED860EE005EF59C /* RevisaoUFMA */ = {
			isa = PBXNativeTarget;
			buildConfigurationList = 3FD94F091ED860EE005EF59C /* Build configuration list for PBXNativeTarget "RevisaoUFMA" */;
			buildPhases = (
				3FD94EF31ED860EE005EF59C /* Sources */,
				3FD94EF41ED860EE005EF59C /* Frameworks */,
				3FD94EF51ED860EE005EF59C /* Resources */,
			);
			buildRules = (
			);
			dependencies = (
			);
			name = RevisaoUFMA;
			productName = RevisaoUFMA;
			productReference = 3FD94EF71ED860EE005EF59C /* RevisaoUFMA.app */;
			productType = "com.apple.product-type.application";
		};
/* End PBXNativeTarget section */

/* Begin PBXProject section */
		3FD94EEF1ED860EE005EF59C /* Project object */ = {
			isa = PBXProject;
			attributes = {
				LastSwiftUpdateCheck = 0820;
				LastUpgradeCheck = 0820;
				ORGANIZATIONNAME = SamirSouza;
				TargetAttributes = {
					3FD94EF61ED860EE005EF59C = {
						CreatedOnToolsVersion = 8.2.1;
						ProvisioningStyle = Automatic;
					};
				};
			};
			buildConfigurationList = 3FD94EF21ED860EE005EF59C /* Build configuration list for PBXProject "RevisaoUFMA" */;
			compatibilityVersion = "Xcode 3.2";
			developmentRegion = English;
			hasScannedForEncodings = 0;
			knownRegions = (
				en,
				Base,
			);
			mainGroup = 3FD94EEE1ED860EE005EF59C;
			productRefGroup = 3FD94EF81ED860EE005EF59C /* Products */;
			projectDirPath = "";
			projectRoot = "";
			targets = (
				3FD94EF61ED860EE005EF59C /* RevisaoUFMA */,
			);
		};
/* End PBXProject section */

/* Begin PBXResourcesBuildPhase section */
		3FD94EF51ED860EE005EF59C /* Resources */ = {
			isa = PBXResourcesBuildPhase;
			buildActionMask = 2147483647;
			files = (
				3FD94F051ED860EE005EF59C /* LaunchScreen.storyboard in Resources */,
				3FD94F021ED860EE005EF59C /* Assets.xcassets in Resources */,
				3FD94F001ED860EE005EF59C /* Main.storyboard in Resources */,
			);
			runOnlyForDeploymentPostprocessing = 0;
		};
/* End PBXResourcesBuildPhase section */

/* Begin PBXSourcesBuildPhase section */
		3FD94EF31ED860EE005EF59C /* Sources */ = {
			isa = PBXSourcesBuildPhase;
			buildActionMask = 2147483647;
			files = (
				3FD94EFD1ED860EE005EF59C /* ViewController.swift in Sources */,
				3FD94EFB1ED860EE005EF59C /* AppDelegate.swift in Sources */,
			);
			runOnlyForDeploymentPostprocessing = 0;
		};
/* End PBXSourcesBuildPhase section */

/* Begin PBXVariantGroup section */
		3FD94EFE1ED860EE005EF59C /* Main.storyboard */ = {
			isa = PBXVariantGroup;
			children = (
				3FD94EFF1ED860EE005EF59C /* Base */,
			);
			name = Main.storyboard;
			sourceTree = "<group>";
		};
		3FD94F031ED860EE005EF59C /* LaunchScreen.storyboard */ = {
			isa = PBXVariantGroup;
			children = (
				3FD94F041ED860EE005EF59C /* Base */,
			);
			name = LaunchScreen.storyboard;
			sourceTree = "<group>";
		};
/* End PBXVariantGroup section */

/* Begin XCBuildConfiguration section */
		3FD94F071ED860EE005EF59C /* Debug */ = {
			isa = XCBuildConfiguration;
			buildSettings = {
				ALWAYS_SEARCH_USER_PATHS = NO;
				CLANG_ANALYZER_NONNULL = YES;
				CLANG_CXX_LANGUAGE_STANDARD = "gnu++0x";
				CLANG_CXX_LIBRARY = "libc++";
				CLANG_ENABLE_MODULES = YES;
				CLANG_ENABLE_OBJC_ARC = YES;
				CLANG_WARN_BOOL_CONVERSION = YES;
				CLANG_WARN_CONSTANT_CONVERSION = YES;
				CLANG_WARN_DIRECT_OBJC_ISA_USAGE = YES_ERROR;
				CLANG_WARN_DOCUMENTATION_COMMENTS = YES;
				CLANG_WARN_EMPTY_BODY = YES;
				CLANG_WARN_ENUM_CONVERSION = YES;
				CLANG_WARN_INFINITE_RECURSION = YES;
				CLANG_WARN_INT_CONVERSION = YES;
				CLANG_WARN_OBJC_ROOT_CLASS = YES_ERROR;
				CLANG_WARN_SUSPICIOUS_MOVE = YES;
				CLANG_WARN_UNREACHABLE_CODE = YES;
				CLANG_WARN__DUPLICATE_METHOD_MATCH = YES;
				"CODE_SIGN_IDENTITY[sdk=iphoneos*]" = "iPhone Developer";
				COPY_PHASE_STRIP = NO;
				DEBUG_INFORMATION_FORMAT = dwarf;
				ENABLE_STRICT_OBJC_MSGSEND = YES;
				ENABLE_TESTABILITY = YES;
				GCC_C_LANGUAGE_STANDARD = gnu99;
				GCC_DYNAMIC_NO_PIC = NO;
				GCC_NO_COMMON_BLOCKS = YES;
				GCC_OPTIMIZATION_LEVEL = 0;
				GCC_PREPROCESSOR_DEFINITIONS = (
					"DEBUG=1",
					"$(inherited)",
				);
				GCC_WARN_64_TO_32_BIT_CONVERSION = YES;
				GCC_WARN_ABOUT_RETURN_TYPE = YES_ERROR;
				GCC_WARN_UNDECLARED_SELECTOR = YES;
				GCC_WARN_UNINITIALIZED_AUTOS = YES_AGGRESSIVE;
				GCC_WARN_UNUSED_FUNCTION = YES;
				GCC_WARN_UNUSED_VARIABLE = YES;
				IPHONEOS_DEPLOYMENT_TARGET = 10.2;
				MTL_ENABLE_DEBUG_INFO = YES;
				ONLY_ACTIVE_ARCH = YES;
				SDKROOT = iphoneos;
				SWIFT_ACTIVE_COMPILATION_CONDITIONS = DEBUG;
				SWIFT_OPTIMIZATION_LEVEL = "-Onone";
				TARGETED_DEVICE_FAMILY = "1,2";
			};
			name = Debug;
		};
		3FD94F081ED860EE005EF59C /* Release */ = {
			isa = XCBuildConfiguration;
			buildSettings = {
				ALWAYS_SEARCH_USER_PATHS = NO;
				CLANG_ANALYZER_NONNULL = YES;
				CLANG_CXX_LANGUAGE_STANDARD = "gnu++0x";
				CLANG_CXX_LIBRARY = "libc++";
				CLANG_ENABLE_MODULES = YES;
				CLANG_ENABLE_OBJC_ARC = YES;
				CLANG_WARN_BOOL_CONVERSION = YES;
				CLANG_WARN_CONSTANT_CONVERSION = YES;
				CLANG_WARN_DIRECT_OBJC_ISA_USAGE = YES_ERROR;
				CLANG_WARN_DOCUMENTATION_COMMENTS = YES;
				CLANG_WARN_EMPTY_BODY = YES;
				CLANG_WARN_ENUM_CONVERSION = YES;
				CLANG_WARN_INFINITE_RECURSION = YES;
				CLANG_WARN_INT_CONVERSION = YES;
				CLANG_WARN_OBJC_ROOT_CLASS = YES_ERROR;
				CLANG_WARN_SUSPICIOUS_MOVE = YES;
				CLANG_WARN_UNREACHABLE_CODE = YES;
				CLANG_WARN__DUPLICATE_METHOD_MATCH = YES;
				"CODE_SIGN_IDENTITY[sdk=iphoneos*]" = "iPhone Developer";
				COPY_PHASE_STRIP = NO;
				DEBUG_INFORMATION_FORMAT = "dwarf-with-dsym";
				ENABLE_NS_ASSERTIONS = NO;
				ENABLE_STRICT_OBJC_MSGSEND = YES;
				GCC_C_LANGUAGE_STANDARD = gnu99;
				GCC_NO_COMMON_BLOCKS = YES;
				GCC_WARN_64_TO_32_BIT_CONVERSION = YES;
				GCC_WARN_ABOUT_RETURN_TYPE = YES_ERROR;
				GCC_WARN_UNDECLARED_SELECTOR = YES;
				GCC_WARN_UNINITIALIZED_AUTOS = YES_AGGRESSIVE;
				GCC_WARN_UNUSED_FUNCTION = YES;
				GCC_WARN_UNUSED_VARIABLE = YES;
				IPHONEOS_DEPLOYMENT_TARGET = 10.2;
				MTL_ENABLE_DEBUG_INFO = NO;
				SDKROOT = iphoneos;
				SWIFT_OPTIMIZATION_LEVEL = "-Owholemodule";
				TARGETED_DEVICE_FAMILY = "1,2";
				VALIDATE_PRODUCT = YES;
			};
			name = Release;
		};
		3FD94F0A1ED860EE005EF59C /* Debug */ = {
			isa = XCBuildConfiguration;
			buildSettings = {
				ASSETCATALOG_COMPILER_APPICON_NAME = AppIcon;
				INFOPLIST_FILE = RevisaoUFMA/Info.plist;
				LD_RUNPATH_SEARCH_PATHS = "$(inherited) @executable_path/Frameworks";
				PRODUCT_BUNDLE_IDENTIFIER = com.samirsouza.RevisaoUFMA;
				PRODUCT_NAME = "$(TARGET_NAME)";
				SWIFT_VERSION = 3.0;
			};
			name = Debug;
		};
		3FD94F0B1ED860EE005EF59C /* Release */ = {
			isa = XCBuildConfiguration;
			buildSettings = {
				ASSETCATALOG_COMPILER_APPICON_NAME = AppIcon;
				INFOPLIST_FILE = RevisaoUFMA/Info.plist;
				LD_RUNPATH_SEARCH_PATHS = "$(inherited) @executable_path/Frameworks";
				PRODUCT_BUNDLE_IDENTIFIER = com.samirsouza.RevisaoUFMA;
				PRODUCT_NAME = "$(TARGET_NAME)";
				SWIFT_VERSION = 3.0;
			};
			name = Release;
		};
/* End XCBuildConfiguration section */

/* Begin XCConfigurationList section */
		3FD94EF21ED860EE005EF59C /* Build configuration list for PBXProject "RevisaoUFMA" */ = {
			isa = XCConfigurationList;
			buildConfigurations = (
				3FD94F071ED860EE005EF59C /* Debug */,
				3FD94F081ED860EE005EF59C /* Release */,
			);
			defaultConfigurationIsVisible = 0;
			defaultConfigurationName = Release;
		};
		3FD94F091ED860EE005EF59C /* Build configuration list for PBXNativeTarget "RevisaoUFMA" */ = {
			isa = XCConfigurationList;
			buildConfigurations = (
				3FD94F0A1ED860EE005EF59C /* Debug */,
				3FD94F0B1ED860EE005EF59C /* Release */,
			);
			defaultConfigurationIsVisible = 0;
		};
/* End XCConfigurationList section */
	};
	rootObject = 3FD94EEF1ED860EE005EF59C /* Project object */;
}
